
Microsoft Visual Studio Solution File, Format Version 12.00
# Visual Studio Version 16
VisualStudioVersion = 16.0.30517.126
MinimumVisualStudioVersion = 10.0.40219.1
Project("{8BC9CEB8-8B4A-11D0-8D11-00A0C91BC942}") = "Project5", "Project5.vcxproj", "{39469174-B03E-4E68-85AF-E48C5E6122D5}"
EndProject
Global
	GlobalSection(SolutionConfigurationPlatforms) = preSolution
		Debug|x64 = Debug|x64
		Debug|x86 = Debug|x86
		Release|x64 = Release|x64
		Release|x86 = Release|x86
	EndGlobalSection
	GlobalSection(ProjectConfigurationPlatforms) = postSolution
		{39469174-B03E-4E68-85AF-E48C5E6122D5}.Debug|x64.ActiveCfg = Debug|x64
		{39469174-B03E-4E68-85AF-E48C5E6122D5}.Debug|x64.Build.0 = Debug|x64
		{39469174-B03E-4E68-85AF-E48C5E6122D5}.Debug|x86.ActiveCfg = Debug|Win32
		{39469174-B03E-4E68-85AF-E48C5E6122D5}.Debug|x86.Build.0 = Debug|Win32
		{39469174-B03E-4E68-85AF-E48C5E6122D5}.Release|x64.ActiveCfg = Release|x64
		{39469174-B03E-4E68-85AF-E48C5E6122D5}.Release|x64.Build.0 = Release|x64
		{39469174-B03E-4E68-85AF-E48C5E6122D5}.Release|x86.ActiveCfg = Release|Win32
		{39469174-B03E-4E68-85AF-E48C5E6122D5}.Release|x86.Build.0 = Release|Win32
	EndGlobalSection
	GlobalSection(SolutionProperties) = preSolution
		HideSolutionNode = FALSE
	EndGlobalSection
	GlobalSection(ExtensibilityGlobals) = postSolution
		SolutionGuid = {D1C0F6D5-208B-4685-AD02-70AFB93ECE46}
	EndGlobalSection
EndGlobal
